
Microsoft Visual Studio Solution File, Format Version 12.00
# Visual Studio 15
VisualStudioVersion = 15.0.27130.2036
MinimumVisualStudioVersion = 10.0.40219.1
Project("{FAE04EC0-301F-11D3-BF4B-00C04F79EFBC}") = "LanDiscordBot", "LanDiscordBot\LanDiscordBot.csproj", "{F24F2C61-F7D0-46AC-B387-C73A6213CE93}"
EndProject
Global
	GlobalSection(SolutionConfigurationPlatforms) = preSolution
		Debug|Any CPU = Debug|Any CPU
		Release|Any CPU = Release|Any CPU
	EndGlobalSection
	GlobalSection(ProjectConfigurationPlatforms) = postSolution
		{F24F2C61-F7D0-46AC-B387-C73A6213CE93}.Debug|Any CPU.ActiveCfg = Debug|Any CPU
		{F24F2C61-F7D0-46AC-B387-C73A6213CE93}.Debug|Any CPU.Build.0 = Debug|Any CPU
		{F24F2C61-F7D0-46AC-B387-C73A6213CE93}.Release|Any CPU.ActiveCfg = Release|Any CPU
		{F24F2C61-F7D0-46AC-B387-C73A6213CE93}.Release|Any CPU.Build.0 = Release|Any CPU
	EndGlobalSection
	GlobalSection(SolutionProperties) = preSolution
		HideSolutionNode = FALSE
	EndGlobalSection
	GlobalSection(ExtensibilityGlobals) = postSolution
		SolutionGuid = {313A2E56-8C22-40B6-9098-86C8305486E3}
	EndGlobalSection
EndGlobal
